Microsoft Visual Studio Solution File, Format Version 12.00
# Visual Studio Version 17
VisualStudioVersion = 17.8.0.0
MinimumVisualStudioVersion = 17.8.0.0
Project("{9A19103F-16F7-4668-BE54-9A1E7A4F7556}") = "TMS.AppHost", "src\TMS.AppHost\TMS.AppHost.csproj", "{C43DFB45-152D-4F5B-ADDF-DC005C9A9756}"
EndProject
Project("{9A19103F-16F7-4668-BE54-9A1E7A4F7556}") = "TMS.ServiceDefaults", "src\TMS.ServiceDefaults\TMS.ServiceDefaults.csproj", "{EDEFAAC2-7276-4DB9-AAFE-820EEE27EC02}"
EndProject
Project("{2150E333-8FDC-42A3-9474-1A3956D46DE8}") = "Host", "Host", "{F350E05F-5338-40DA-9DC4-5F74E4E73DB7}"
EndProject
Project("{FAE04EC0-301F-11D3-BF4B-00C04F79EFBC}") = "TMS.Api", "src\TMS.Api\TMS.Api.csproj", "{5305BF37-34BC-42AB-B6E2-72E7BA08F159}"
EndProject
Project("{FAE04EC0-301F-11D3-BF4B-00C04F79EFBC}") = "TMS.Domain", "src\TMS.Domain\TMS.Domain.csproj", "{C5086A1F-7335-4631-844D-EBA40ED875B0}"
EndProject
Project("{FAE04EC0-301F-11D3-BF4B-00C04F79EFBC}") = "TMS.DataAccess", "src\TMS.DataAccess\TMS.DataAccess.csproj", "{2FED6B3E-6D2B-4FAC-9859-4126CD10734D}"
EndProject
Project("{FAE04EC0-301F-11D3-BF4B-00C04F79EFBC}") = "TMS.Aspire.Shared", "src\TMS.Aspire.Shared\TMS.Aspire.Shared.csproj", "{1F814926-D75E-4FC5-B5CA-82B0D789F8C8}"
EndProject
Global
	GlobalSection(SolutionConfigurationPlatforms) = preSolution
		Debug|Any CPU = Debug|Any CPU
		Release|Any CPU = Release|Any CPU
	EndGlobalSection
	GlobalSection(ProjectConfigurationPlatforms) = postSolution
		{C43DFB45-152D-4F5B-ADDF-DC005C9A9756}.Debug|Any CPU.ActiveCfg = Debug|Any CPU
		{C43DFB45-152D-4F5B-ADDF-DC005C9A9756}.Debug|Any CPU.Build.0 = Debug|Any CPU
		{C43DFB45-152D-4F5B-ADDF-DC005C9A9756}.Release|Any CPU.ActiveCfg = Release|Any CPU
		{C43DFB45-152D-4F5B-ADDF-DC005C9A9756}.Release|Any CPU.Build.0 = Release|Any CPU
		{EDEFAAC2-7276-4DB9-AAFE-820EEE27EC02}.Debug|Any CPU.ActiveCfg = Debug|Any CPU
		{EDEFAAC2-7276-4DB9-AAFE-820EEE27EC02}.Debug|Any CPU.Build.0 = Debug|Any CPU
		{EDEFAAC2-7276-4DB9-AAFE-820EEE27EC02}.Release|Any CPU.ActiveCfg = Release|Any CPU
		{EDEFAAC2-7276-4DB9-AAFE-820EEE27EC02}.Release|Any CPU.Build.0 = Release|Any CPU
		{5305BF37-34BC-42AB-B6E2-72E7BA08F159}.Debug|Any CPU.ActiveCfg = Debug|Any CPU
		{5305BF37-34BC-42AB-B6E2-72E7BA08F159}.Debug|Any CPU.Build.0 = Debug|Any CPU
		{5305BF37-34BC-42AB-B6E2-72E7BA08F159}.Release|Any CPU.ActiveCfg = Release|Any CPU
		{5305BF37-34BC-42AB-B6E2-72E7BA08F159}.Release|Any CPU.Build.0 = Release|Any CPU
		{C5086A1F-7335-4631-844D-EBA40ED875B0}.Debug|Any CPU.ActiveCfg = Debug|Any CPU
		{C5086A1F-7335-4631-844D-EBA40ED875B0}.Debug|Any CPU.Build.0 = Debug|Any CPU
		{C5086A1F-7335-4631-844D-EBA40ED875B0}.Release|Any CPU.ActiveCfg = Release|Any CPU
		{C5086A1F-7335-4631-844D-EBA40ED875B0}.Release|Any CPU.Build.0 = Release|Any CPU
		{2FED6B3E-6D2B-4FAC-9859-4126CD10734D}.Debug|Any CPU.ActiveCfg = Debug|Any CPU
		{2FED6B3E-6D2B-4FAC-9859-4126CD10734D}.Debug|Any CPU.Build.0 = Debug|Any CPU
		{2FED6B3E-6D2B-4FAC-9859-4126CD10734D}.Release|Any CPU.ActiveCfg = Release|Any CPU
		{2FED6B3E-6D2B-4FAC-9859-4126CD10734D}.Release|Any CPU.Build.0 = Release|Any CPU
		{1F814926-D75E-4FC5-B5CA-82B0D789F8C8}.Debug|Any CPU.ActiveCfg = Debug|Any CPU
		{1F814926-D75E-4FC5-B5CA-82B0D789F8C8}.Debug|Any CPU.Build.0 = Debug|Any CPU
		{1F814926-D75E-4FC5-B5CA-82B0D789F8C8}.Release|Any CPU.ActiveCfg = Release|Any CPU
		{1F814926-D75E-4FC5-B5CA-82B0D789F8C8}.Release|Any CPU.Build.0 = Release|Any CPU
	EndGlobalSection
	GlobalSection(SolutionProperties) = preSolution
		HideSolutionNode = FALSE
	EndGlobalSection
	GlobalSection(ExtensibilityGlobals) = postSolution
		SolutionGuid = {AA2C3189-F6A3-4D49-A403-64C8E9B2A1C3}
	EndGlobalSection
	GlobalSection(NestedProjects) = preSolution
		{C43DFB45-152D-4F5B-ADDF-DC005C9A9756} = {F350E05F-5338-40DA-9DC4-5F74E4E73DB7}
		{EDEFAAC2-7276-4DB9-AAFE-820EEE27EC02} = {F350E05F-5338-40DA-9DC4-5F74E4E73DB7}
		{1F814926-D75E-4FC5-B5CA-82B0D789F8C8} = {F350E05F-5338-40DA-9DC4-5F74E4E73DB7}
	EndGlobalSection
EndGlobal
